{
  "requires": true,
  "lockfileVersion": 1,
  "dependencies": {
    "@types/jquery": {
      "version": "2.0.49",
      "resolved": "https://registry.npmjs.org/@types/jquery/-/jquery-2.0.49.tgz",
      "integrity": "sha512-/9xLnYmohN/vD2gDnLS4cym8TUmrJu7DvZa/LELKzZjdPsvWVJiedsdu2SXNtb/DA7FGimqL2g0IoyhbNKLl8g=="
    },
    "jquery": {
      "version": "2.2.4",
      "resolved": "https://registry.npmjs.org/jquery/-/jquery-2.2.4.tgz",
      "integrity": "sha1-LInWiJterFIqfuoywUUhVZxsvwI="
    }
  }
}
